// !$*UTF8*$!
{
	archiveVersion = 1;
	classes = {
	};
	objectVersion = 48;
	objects = {

/* Begin PBXBuildFile section */
		0DB701621FC6E7A100E33945 /* SeJunViewController.swift in Sources */ = {isa = PBXBuildFile; fileRef = 0DB701611FC6E7A100E33945 /* SeJunViewController.swift */; };
		D5464B0F1FC7B3E500EC72F8 /* Car.swift in Sources */ = {isa = PBXBuildFile; fileRef = D5464B0E1FC7B3E500EC72F8 /* Car.swift */; };
		D55B96961FC7BD42009D4512 /* kyu.storyboard in Resources */ = {isa = PBXBuildFile; fileRef = D55B96951FC7BD42009D4512 /* kyu.storyboard */; };
		D55B96981FC7BE52009D4512 /* GitProViewController.swift in Sources */ = {isa = PBXBuildFile; fileRef = D55B96971FC7BE52009D4512 /* GitProViewController.swift */; };
		DDE6A29A1FC7B3D300B51BFC /* YounariController.swift in Sources */ = {isa = PBXBuildFile; fileRef = DDE6A2991FC7B3D300B51BFC /* YounariController.swift */; };
		EDB6559B1FC65EA600E59D82 /* AppDelegate.swift in Sources */ = {isa = PBXBuildFile; fileRef = EDB6559A1FC65EA600E59D82 /* AppDelegate.swift */; };
		EDB6559D1FC65EA600E59D82 /* ViewController.swift in Sources */ = {isa = PBXBuildFile; fileRef = EDB6559C1FC65EA600E59D82 /* ViewController.swift */; };
		EDB655A01FC65EA600E59D82 /* Main.storyboard in Resources */ = {isa = PBXBuildFile; fileRef = EDB6559E1FC65EA600E59D82 /* Main.storyboard */; };
		EDB655A21FC65EA600E59D82 /* Assets.xcassets in Resources */ = {isa = PBXBuildFile; fileRef = EDB655A11FC65EA600E59D82 /* Assets.xcassets */; };
		EDB655A51FC65EA600E59D82 /* LaunchScreen.storyboard in Resources */ = {isa = PBXBuildFile; fileRef = EDB655A31FC65EA600E59D82 /* LaunchScreen.storyboard */; };
		EDB655B01FC65EA600E59D82 /* GitTestProjectTests.swift in Sources */ = {isa = PBXBuildFile; fileRef = EDB655AF1FC65EA600E59D82 /* GitTestProjectTests.swift */; };
		EDB655BB1FC65EA600E59D82 /* GitTestProjectUITests.swift in Sources */ = {isa = PBXBuildFile; fileRef = EDB655BA1FC65EA600E59D82 /* GitTestProjectUITests.swift */; };
		EDB655C91FC7BE5800E59D82 /* TestViewController.swift in Sources */ = {isa = PBXBuildFile; fileRef = EDB655C81FC7BE5800E59D82 /* TestViewController.swift */; };
		EDB655CB1FC7C19800E59D82 /* NewGitignoreViewController.swift in Sources */ = {isa = PBXBuildFile; fileRef = EDB655CA1FC7C19800E59D82 /* NewGitignoreViewController.swift */; };
		EDB655CD1FC7C2CD00E59D82 /* SendVCTableViewCell.swift in Sources */ = {isa = PBXBuildFile; fileRef = EDB655CC1FC7C2CD00E59D82 /* SendVCTableViewCell.swift */; };
/* End PBXBuildFile section */

/* Begin PBXContainerItemProxy section */
		EDB655AC1FC65EA600E59D82 /* PBXContainerItemProxy */ = {
			isa = PBXContainerItemProxy;
			containerPortal = EDB6558F1FC65EA600E59D82 /* Project object */;
			proxyType = 1;
			remoteGlobalIDString = EDB655961FC65EA600E59D82;
			remoteInfo = GitTestProject;
		};
		EDB655B71FC65EA600E59D82 /* PBXContainerItemProxy */ = {
			isa = PBXContainerItemProxy;
			containerPortal = EDB6558F1FC65EA600E59D82 /* Project object */;
			proxyType = 1;
			remoteGlobalIDString = EDB655961FC65EA600E59D82;
			remoteInfo = GitTestProject;
		};
/* End PBXContainerItemProxy section */

/* Begin PBXFileReference section */
		0DB701611FC6E7A100E33945 /* SeJunViewController.swift */ = {isa = PBXFileReference; lastKnownFileType = sourcecode.swift; path = SeJunViewController.swift; sourceTree = "<group>"; };
		D5464B0E1FC7B3E500EC72F8 /* Car.swift */ = {isa = PBXFileReference; lastKnownFileType = sourcecode.swift; path = Car.swift; sourceTree = "<group>"; };
		D55B96951FC7BD42009D4512 /* kyu.storyboard */ = {isa = PBXFileReference; lastKnownFileType = file.storyboard; path = kyu.storyboard; sourceTree = "<group>"; };
		D55B96971FC7BE52009D4512 /* GitProViewController.swift */ = {isa = PBXFileReference; lastKnownFileType = sourcecode.swift; path = GitProViewController.swift; sourceTree = "<group>"; };
		DDE6A2991FC7B3D300B51BFC /* YounariController.swift */ = {isa = PBXFileReference; lastKnownFileType = sourcecode.swift; path = YounariController.swift; sourceTree = "<group>"; };
		EDB655971FC65EA600E59D82 /* GitTestProject.app */ = {isa = PBXFileReference; explicitFileType = wrapper.application; includeInIndex = 0; path = GitTestProject.app; sourceTree = BUILT_PRODUCTS_DIR; };
		EDB6559A1FC65EA600E59D82 /* AppDelegate.swift */ = {isa = PBXFileReference; lastKnownFileType = sourcecode.swift; path = AppDelegate.swift; sourceTree = "<group>"; };
		EDB6559C1FC65EA600E59D82 /* ViewController.swift */ = {isa = PBXFileReference; lastKnownFileType = sourcecode.swift; path = ViewController.swift; sourceTree = "<group>"; };
		EDB6559F1FC65EA600E59D82 /* Base */ = {isa = PBXFileReference; lastKnownFileType = file.storyboard; name = Base; path = Base.lproj/Main.storyboard; sourceTree = "<group>"; };
		EDB655A11FC65EA600E59D82 /* Assets.xcassets */ = {isa = PBXFileReference; lastKnownFileType = folder.assetcatalog; path = Assets.xcassets; sourceTree = "<group>"; };
		EDB655A41FC65EA600E59D82 /* Base */ = {isa = PBXFileReference; lastKnownFileType = file.storyboard; name = Base; path = Base.lproj/LaunchScreen.storyboard; sourceTree = "<group>"; };
		EDB655A61FC65EA600E59D82 /* Info.plist */ = {isa = PBXFileReference; lastKnownFileType = text.plist.xml; path = Info.plist; sourceTree = "<group>"; };
		EDB655AB1FC65EA600E59D82 /* GitTestProjectTests.xctest */ = {isa = PBXFileReference; explicitFileType = wrapper.cfbundle; includeInIndex = 0; path = GitTestProjectTests.xctest; sourceTree = BUILT_PRODUCTS_DIR; };
		EDB655AF1FC65EA600E59D82 /* GitTestProjectTests.swift */ = {isa = PBXFileReference; lastKnownFileType = sourcecode.swift; path = GitTestProjectTests.swift; sourceTree = "<group>"; };
		EDB655B11FC65EA600E59D82 /* Info.plist */ = {isa = PBXFileReference; lastKnownFileType = text.plist.xml; path = Info.plist; sourceTree = "<group>"; };
		EDB655B61FC65EA600E59D82 /* GitTestProjectUITests.xctest */ = {isa = PBXFileReference; explicitFileType = wrapper.cfbundle; includeInIndex = 0; path = GitTestProjectUITests.xctest; sourceTree = BUILT_PRODUCTS_DIR; };
		EDB655BA1FC65EA600E59D82 /* GitTestProjectUITests.swift */ = {isa = PBXFileReference; lastKnownFileType = sourcecode.swift; path = GitTestProjectUITests.swift; sourceTree = "<group>"; };
		EDB655BC1FC65EA600E59D82 /* Info.plist */ = {isa = PBXFileReference; lastKnownFileType = text.plist.xml; path = Info.plist; sourceTree = "<group>"; };
		EDB655C81FC7BE5800E59D82 /* TestViewController.swift */ = {isa = PBXFileReference; lastKnownFileType = sourcecode.swift; path = TestViewController.swift; sourceTree = "<group>"; };
		EDB655CA1FC7C19800E59D82 /* NewGitignoreViewController.swift */ = {isa = PBXFileReference; lastKnownFileType = sourcecode.swift; path = NewGitignoreViewController.swift; sourceTree = "<group>"; };
		EDB655CC1FC7C2CD00E59D82 /* SendVCTableViewCell.swift */ = {isa = PBXFileReference; lastKnownFileType = sourcecode.swift; path = SendVCTableViewCell.swift; sourceTree = "<group>"; };
/* End PBXFileReference section */

/* Begin PBXFrameworksBuildPhase section */
		EDB655941FC65EA600E59D82 /* Frameworks */ = {
			isa = PBXFrameworksBuildPhase;
			buildActionMask = 2147483647;
			files = (
			);
			runOnlyForDeploymentPostprocessing = 0;
		};
		EDB655A81FC65EA600E59D82 /* Frameworks */ = {
			isa = PBXFrameworksBuildPhase;
			buildActionMask = 2147483647;
			files = (
			);
			runOnlyForDeploymentPostprocessing = 0;
		};
		EDB655B31FC65EA600E59D82 /* Frameworks */ = {
			isa = PBXFrameworksBuildPhase;
			buildActionMask = 2147483647;
			files = (
			);
			runOnlyForDeploymentPostprocessing = 0;
		};
/* End PBXFrameworksBuildPhase section */

/* Begin PBXGroup section */
		EDB6558E1FC65EA600E59D82 = {
			isa = PBXGroup;
			children = (
				EDB655991FC65EA600E59D82 /* GitTestProject */,
				EDB655AE1FC65EA600E59D82 /* GitTestProjectTests */,
				EDB655B91FC65EA600E59D82 /* GitTestProjectUITests */,
				EDB655981FC65EA600E59D82 /* Products */,
			);
			sourceTree = "<group>";
		};
		EDB655981FC65EA600E59D82 /* Products */ = {
			isa = PBXGroup;
			children = (
				EDB655971FC65EA600E59D82 /* GitTestProject.app */,
				EDB655AB1FC65EA600E59D82 /* GitTestProjectTests.xctest */,
				EDB655B61FC65EA600E59D82 /* GitTestProjectUITests.xctest */,
			);
			name = Products;
			sourceTree = "<group>";
		};
		EDB655991FC65EA600E59D82 /* GitTestProject */ = {
			isa = PBXGroup;
			children = (
				EDB6559A1FC65EA600E59D82 /* AppDelegate.swift */,
				EDB6559C1FC65EA600E59D82 /* ViewController.swift */,
				EDB655C81FC7BE5800E59D82 /* TestViewController.swift */,
				EDB655CA1FC7C19800E59D82 /* NewGitignoreViewController.swift */,
				EDB655CC1FC7C2CD00E59D82 /* SendVCTableViewCell.swift */,
				D5464B0E1FC7B3E500EC72F8 /* Car.swift */,
				DDE6A2991FC7B3D300B51BFC /* YounariController.swift */,
				D55B96971FC7BE52009D4512 /* GitProViewController.swift */,
				0DB701611FC6E7A100E33945 /* SeJunViewController.swift */,
				EDB655A11FC65EA600E59D82 /* Assets.xcassets */,
				EDB6559E1FC65EA600E59D82 /* Main.storyboard */,
				EDB655A31FC65EA600E59D82 /* LaunchScreen.storyboard */,
				D55B96951FC7BD42009D4512 /* kyu.storyboard */,
				EDB655A61FC65EA600E59D82 /* Info.plist */,
			);
			path = GitTestProject;
			sourceTree = "<group>";
		};
		EDB655AE1FC65EA600E59D82 /* GitTestProjectTests */ = {
			isa = PBXGroup;
			children = (
				EDB655AF1FC65EA600E59D82 /* GitTestProjectTests.swift */,
				EDB655B11FC65EA600E59D82 /* Info.plist */,
			);
			path = GitTestProjectTests;
			sourceTree = "<group>";
		};
		EDB655B91FC65EA600E59D82 /* GitTestProjectUITests */ = {
			isa = PBXGroup;
			children = (
				EDB655BA1FC65EA600E59D82 /* GitTestProjectUITests.swift */,
				EDB655BC1FC65EA600E59D82 /* Info.plist */,
			);
			path = GitTestProjectUITests;
			sourceTree = "<group>";
		};
/* End PBXGroup section */

/* Begin PBXNativeTarget section */
		EDB655961FC65EA600E59D82 /* GitTestProject */ = {
			isa = PBXNativeTarget;
			buildConfigurationList = EDB655BF1FC65EA600E59D82 /* Build configuration list for PBXNativeTarget "GitTestProject" */;
			buildPhases = (
				EDB655931FC65EA600E59D82 /* Sources */,
				EDB655941FC65EA600E59D82 /* Frameworks */,
				EDB655951FC65EA600E59D82 /* Resources */,
			);
			buildRules = (
			);
			dependencies = (
			);
			name = GitTestProject;
			productName = GitTestProject;
			productReference = EDB655971FC65EA600E59D82 /* GitTestProject.app */;
			productType = "com.apple.product-type.application";
		};
		EDB655AA1FC65EA600E59D82 /* GitTestProjectTests */ = {
			isa = PBXNativeTarget;
			buildConfigurationList = EDB655C21FC65EA600E59D82 /* Build configuration list for PBXNativeTarget "GitTestProjectTests" */;
			buildPhases = (
				EDB655A71FC65EA600E59D82 /* Sources */,
				EDB655A81FC65EA600E59D82 /* Frameworks */,
				EDB655A91FC65EA600E59D82 /* Resources */,
			);
			buildRules = (
			);
			dependencies = (
				EDB655AD1FC65EA600E59D82 /* PBXTargetDependency */,
			);
			name = GitTestProjectTests;
			productName = GitTestProjectTests;
			productReference = EDB655AB1FC65EA600E59D82 /* GitTestProjectTests.xctest */;
			productType = "com.apple.product-type.bundle.unit-test";
		};
		EDB655B51FC65EA600E59D82 /* GitTestProjectUITests */ = {
			isa = PBXNativeTarget;
			buildConfigurationList = EDB655C51FC65EA600E59D82 /* Build configuration list for PBXNativeTarget "GitTestProjectUITests" */;
			buildPhases = (
				EDB655B21FC65EA600E59D82 /* Sources */,
				EDB655B31FC65EA600E59D82 /* Frameworks */,
				EDB655B41FC65EA600E59D82 /* Resources */,
			);
			buildRules = (
			);
			dependencies = (
				EDB655B81FC65EA600E59D82 /* PBXTargetDependency */,
			);
			name = GitTestProjectUITests;
			productName = GitTestProjectUITests;
			productReference = EDB655B61FC65EA600E59D82 /* GitTestProjectUITests.xctest */;
			productType = "com.apple.product-type.bundle.ui-testing";
		};
/* End PBXNativeTarget section */

/* Begin PBXProject section */
		EDB6558F1FC65EA600E59D82 /* Project object */ = {
			isa = PBXProject;
			attributes = {
				LastSwiftUpdateCheck = 0910;
				LastUpgradeCheck = 0910;
				ORGANIZATIONNAME = "youngmin joo";
				TargetAttributes = {
					EDB655961FC65EA600E59D82 = {
						CreatedOnToolsVersion = 9.1;
						ProvisioningStyle = Automatic;
					};
					EDB655AA1FC65EA600E59D82 = {
						CreatedOnToolsVersion = 9.1;
						ProvisioningStyle = Automatic;
						TestTargetID = EDB655961FC65EA600E59D82;
					};
					EDB655B51FC65EA600E59D82 = {
						CreatedOnToolsVersion = 9.1;
						ProvisioningStyle = Automatic;
						TestTargetID = EDB655961FC65EA600E59D82;
					};
				};
			};
			buildConfigurationList = EDB655921FC65EA600E59D82 /* Build configuration list for PBXProject "GitTestProject" */;
			compatibilityVersion = "Xcode 8.0";
			developmentRegion = en;
			hasScannedForEncodings = 0;
			knownRegions = (
				en,
				Base,
			);
			mainGroup = EDB6558E1FC65EA600E59D82;
			productRefGroup = EDB655981FC65EA600E59D82 /* Products */;
			projectDirPath = "";
			projectRoot = "";
			targets = (
				EDB655961FC65EA600E59D82 /* GitTestProject */,
				EDB655AA1FC65EA600E59D82 /* GitTestProjectTests */,
				EDB655B51FC65EA600E59D82 /* GitTestProjectUITests */,
			);
		};
/* End PBXProject section */

/* Begin PBXResourcesBuildPhase section */
		EDB655951FC65EA600E59D82 /* Resources */ = {
			isa = PBXResourcesBuildPhase;
			buildActionMask = 2147483647;
			files = (
				EDB655A51FC65EA600E59D82 /* LaunchScreen.storyboard in Resources */,
				D55B96961FC7BD42009D4512 /* kyu.storyboard in Resources */,
				EDB655A21FC65EA600E59D82 /* Assets.xcassets in Resources */,
				EDB655A01FC65EA600E59D82 /* Main.storyboard in Resources */,
			);
			runOnlyForDeploymentPostprocessing = 0;
		};
		EDB655A91FC65EA600E59D82 /* Resources */ = {
			isa = PBXResourcesBuildPhase;
			buildActionMask = 2147483647;
			files = (
			);
			runOnlyForDeploymentPostprocessing = 0;
		};
		EDB655B41FC65EA600E59D82 /* Resources */ = {
			isa = PBXResourcesBuildPhase;
			buildActionMask = 2147483647;
			files = (
			);
			runOnlyForDeploymentPostprocessing = 0;
		};
/* End PBXResourcesBuildPhase section */

/* Begin PBXSourcesBuildPhase section */
		EDB655931FC65EA600E59D82 /* Sources */ = {
			isa = PBXSourcesBuildPhase;
			buildActionMask = 2147483647;
			files = (
				EDB6559D1FC65EA600E59D82 /* ViewController.swift in Sources */,
				DDE6A29A1FC7B3D300B51BFC /* YounariController.swift in Sources */,
				EDB655CD1FC7C2CD00E59D82 /* SendVCTableViewCell.swift in Sources */,
				EDB6559B1FC65EA600E59D82 /* AppDelegate.swift in Sources */,
				EDB655CB1FC7C19800E59D82 /* NewGitignoreViewController.swift in Sources */,
				EDB655C91FC7BE5800E59D82 /* TestViewController.swift in Sources */,
				D5464B0F1FC7B3E500EC72F8 /* Car.swift in Sources */,
				0DB701621FC6E7A100E33945 /* SeJunViewController.swift in Sources */,
				D55B96981FC7BE52009D4512 /* GitProViewController.swift in Sources */,
			);
			runOnlyForDeploymentPostprocessing = 0;
		};
		EDB655A71FC65EA600E59D82 /* Sources */ = {
			isa = PBXSourcesBuildPhase;
			buildActionMask = 2147483647;
			files = (
				EDB655B01FC65EA600E59D82 /* GitTestProjectTests.swift in Sources */,
			);
			runOnlyForDeploymentPostprocessing = 0;
		};
		EDB655B21FC65EA600E59D82 /* Sources */ = {
			isa = PBXSourcesBuildPhase;
			buildActionMask = 2147483647;
			files = (
				EDB655BB1FC65EA600E59D82 /* GitTestProjectUITests.swift in Sources */,
			);
			runOnlyForDeploymentPostprocessing = 0;
		};
/* End PBXSourcesBuildPhase section */

/* Begin PBXTargetDependency section */
		EDB655AD1FC65EA600E59D82 /* PBXTargetDependency */ = {
			isa = PBXTargetDependency;
			target = EDB655961FC65EA600E59D82 /* GitTestProject */;
			targetProxy = EDB655AC1FC65EA600E59D82 /* PBXContainerItemProxy */;
		};
		EDB655B81FC65EA600E59D82 /* PBXTargetDependency */ = {
			isa = PBXTargetDependency;
			target = EDB655961FC65EA600E59D82 /* GitTestProject */;
			targetProxy = EDB655B71FC65EA600E59D82 /* PBXContainerItemProxy */;
		};
/* End PBXTargetDependency section */

/* Begin PBXVariantGroup section */
		EDB6559E1FC65EA600E59D82 /* Main.storyboard */ = {
			isa = PBXVariantGroup;
			children = (
				EDB6559F1FC65EA600E59D82 /* Base */,
			);
			name = Main.storyboard;
			sourceTree = "<group>";
		};
		EDB655A31FC65EA600E59D82 /* LaunchScreen.storyboard */ = {
			isa = PBXVariantGroup;
			children = (
				EDB655A41FC65EA600E59D82 /* Base */,
			);
			name = LaunchScreen.storyboard;
			sourceTree = "<group>";
		};
/* End PBXVariantGroup section */

/* Begin XCBuildConfiguration section */
		EDB655BD1FC65EA600E59D82 /* Debug */ = {
			isa = XCBuildConfiguration;
			buildSettings = {
				ALWAYS_SEARCH_USER_PATHS = NO;
				CLANG_ANALYZER_NONNULL = YES;
				CLANG_ANALYZER_NUMBER_OBJECT_CONVERSION = YES_AGGRESSIVE;
				CLANG_CXX_LANGUAGE_STANDARD = "gnu++14";
				CLANG_CXX_LIBRARY = "libc++";
				CLANG_ENABLE_MODULES = YES;
				CLANG_ENABLE_OBJC_ARC = YES;
				CLANG_WARN_BLOCK_CAPTURE_AUTORELEASING = YES;
				CLANG_WARN_BOOL_CONVERSION = YES;
				CLANG_WARN_COMMA = YES;
				CLANG_WARN_CONSTANT_CONVERSION = YES;
				CLANG_WARN_DIRECT_OBJC_ISA_USAGE = YES_ERROR;
				CLANG_WARN_DOCUMENTATION_COMMENTS = YES;
				CLANG_WARN_EMPTY_BODY = YES;
				CLANG_WARN_ENUM_CONVERSION = YES;
				CLANG_WARN_INFINITE_RECURSION = YES;
				CLANG_WARN_INT_CONVERSION = YES;
				CLANG_WARN_NON_LITERAL_NULL_CONVERSION = YES;
				CLANG_WARN_OBJC_LITERAL_CONVERSION = YES;
				CLANG_WARN_OBJC_ROOT_CLASS = YES_ERROR;
				CLANG_WARN_RANGE_LOOP_ANALYSIS = YES;
				CLANG_WARN_STRICT_PROTOTYPES = YES;
				CLANG_WARN_SUSPICIOUS_MOVE = YES;
				CLANG_WARN_UNGUARDED_AVAILABILITY = YES_AGGRESSIVE;
				CLANG_WARN_UNREACHABLE_CODE = YES;
				CLANG_WARN__DUPLICATE_METHOD_MATCH = YES;
				CODE_SIGN_IDENTITY = "iPhone Developer";
				COPY_PHASE_STRIP = NO;
				DEBUG_INFORMATION_FORMAT = dwarf;
				ENABLE_STRICT_OBJC_MSGSEND = YES;
				ENABLE_TESTABILITY = YES;
				GCC_C_LANGUAGE_STANDARD = gnu11;
				GCC_DYNAMIC_NO_PIC = NO;
				GCC_NO_COMMON_BLOCKS = YES;
				GCC_OPTIMIZATION_LEVEL = 0;
				GCC_PREPROCESSOR_DEFINITIONS = (
					"DEBUG=1",
					"$(inherited)",
				);
				GCC_WARN_64_TO_32_BIT_CONVERSION = YES;
				GCC_WARN_ABOUT_RETURN_TYPE = YES_ERROR;
				GCC_WARN_UNDECLARED_SELECTOR = YES;
				GCC_WARN_UNINITIALIZED_AUTOS = YES_AGGRESSIVE;
				GCC_WARN_UNUSED_FUNCTION = YES;
				GCC_WARN_UNUSED_VARIABLE = YES;
				IPHONEOS_DEPLOYMENT_TARGET = 11.1;
				MTL_ENABLE_DEBUG_INFO = YES;
				ONLY_ACTIVE_ARCH = YES;
				SDKROOT = iphoneos;
				SWIFT_ACTIVE_COMPILATION_CONDITIONS = DEBUG;
				SWIFT_OPTIMIZATION_LEVEL = "-Onone";
			};
			name = Debug;
		};
		EDB655BE1FC65EA600E59D82 /* Release */ = {
			isa = XCBuildConfiguration;
			buildSettings = {
				ALWAYS_SEARCH_USER_PATHS = NO;
				CLANG_ANALYZER_NONNULL = YES;
				CLANG_ANALYZER_NUMBER_OBJECT_CONVERSION = YES_AGGRESSIVE;
				CLANG_CXX_LANGUAGE_STANDARD = "gnu++14";
				CLANG_CXX_LIBRARY = "libc++";
				CLANG_ENABLE_MODULES = YES;
				CLANG_ENABLE_OBJC_ARC = YES;
				CLANG_WARN_BLOCK_CAPTURE_AUTORELEASING = YES;
				CLANG_WARN_BOOL_CONVERSION = YES;
				CLANG_WARN_COMMA = YES;
				CLANG_WARN_CONSTANT_CONVERSION = YES;
				CLANG_WARN_DIRECT_OBJC_ISA_USAGE = YES_ERROR;
				CLANG_WARN_DOCUMENTATION_COMMENTS = YES;
				CLANG_WARN_EMPTY_BODY = YES;
				CLANG_WARN_ENUM_CONVERSION = YES;
				CLANG_WARN_INFINITE_RECURSION = YES;
				CLANG_WARN_INT_CONVERSION = YES;
				CLANG_WARN_NON_LITERAL_NULL_CONVERSION = YES;
				CLANG_WARN_OBJC_LITERAL_CONVERSION = YES;
				CLANG_WARN_OBJC_ROOT_CLASS = YES_ERROR;
				CLANG_WARN_RANGE_LOOP_ANALYSIS = YES;
				CLANG_WARN_STRICT_PROTOTYPES = YES;
				CLANG_WARN_SUSPICIOUS_MOVE = YES;
				CLANG_WARN_UNGUARDED_AVAILABILITY = YES_AGGRESSIVE;
				CLANG_WARN_UNREACHABLE_CODE = YES;
				CLANG_WARN__DUPLICATE_METHOD_MATCH = YES;
				CODE_SIGN_IDENTITY = "iPhone Developer";
				COPY_PHASE_STRIP = NO;
				DEBUG_INFORMATION_FORMAT = "dwarf-with-dsym";
				ENABLE_NS_ASSERTIONS = NO;
				ENABLE_STRICT_OBJC_MSGSEND = YES;
				GCC_C_LANGUAGE_STANDARD = gnu11;
				GCC_NO_COMMON_BLOCKS = YES;
				GCC_WARN_64_TO_32_BIT_CONVERSION = YES;
				GCC_WARN_ABOUT_RETURN_TYPE = YES_ERROR;
				GCC_WARN_UNDECLARED_SELECTOR = YES;
				GCC_WARN_UNINITIALIZED_AUTOS = YES_AGGRESSIVE;
				GCC_WARN_UNUSED_FUNCTION = YES;
				GCC_WARN_UNUSED_VARIABLE = YES;
				IPHONEOS_DEPLOYMENT_TARGET = 11.1;
				MTL_ENABLE_DEBUG_INFO = NO;
				SDKROOT = iphoneos;
				SWIFT_OPTIMIZATION_LEVEL = "-Owholemodule";
				VALIDATE_PRODUCT = YES;
			};
			name = Release;
		};
		EDB655C01FC65EA600E59D82 /* Debug */ = {
			isa = XCBuildConfiguration;
			buildSettings = {
				ASSETCATALOG_COMPILER_APPICON_NAME = AppIcon;
				CODE_SIGN_STYLE = Automatic;
				INFOPLIST_FILE = GitTestProject/Info.plist;
				LD_RUNPATH_SEARCH_PATHS = "$(inherited) @executable_path/Frameworks";
				PRODUCT_BUNDLE_IDENTIFIER = com.wing.GitTestProject;
				PRODUCT_NAME = "$(TARGET_NAME)";
				SWIFT_VERSION = 4.0;
				TARGETED_DEVICE_FAMILY = "1,2";
			};
			name = Debug;
		};
		EDB655C11FC65EA600E59D82 /* Release */ = {
			isa = XCBuildConfiguration;
			buildSettings = {
				ASSETCATALOG_COMPILER_APPICON_NAME = AppIcon;
				CODE_SIGN_STYLE = Automatic;
				INFOPLIST_FILE = GitTestProject/Info.plist;
				LD_RUNPATH_SEARCH_PATHS = "$(inherited) @executable_path/Frameworks";
				PRODUCT_BUNDLE_IDENTIFIER = com.wing.GitTestProject;
				PRODUCT_NAME = "$(TARGET_NAME)";
				SWIFT_VERSION = 4.0;
				TARGETED_DEVICE_FAMILY = "1,2";
			};
			name = Release;
		};
		EDB655C31FC65EA600E59D82 /* Debug */ = {
			isa = XCBuildConfiguration;
			buildSettings = {
				ALWAYS_EMBED_SWIFT_STANDARD_LIBRARIES = YES;
				BUNDLE_LOADER = "$(TEST_HOST)";
				CODE_SIGN_STYLE = Automatic;
				INFOPLIST_FILE = GitTestProjectTests/Info.plist;
				LD_RUNPATH_SEARCH_PATHS = "$(inherited) @executable_path/Frameworks @loader_path/Frameworks";
				PRODUCT_BUNDLE_IDENTIFIER = com.wing.GitTestProjectTests;
				PRODUCT_NAME = "$(TARGET_NAME)";
				SWIFT_VERSION = 4.0;
				TARGETED_DEVICE_FAMILY = "1,2";
				TEST_HOST = "$(BUILT_PRODUCTS_DIR)/GitTestProject.app/GitTestProject";
			};
			name = Debug;
		};
		EDB655C41FC65EA600E59D82 /* Release */ = {
			isa = XCBuildConfiguration;
			buildSettings = {
				ALWAYS_EMBED_SWIFT_STANDARD_LIBRARIES = YES;
				BUNDLE_LOADER = "$(TEST_HOST)";
				CODE_SIGN_STYLE = Automatic;
				INFOPLIST_FILE = GitTestProjectTests/Info.plist;
				LD_RUNPATH_SEARCH_PATHS = "$(inherited) @executable_path/Frameworks @loader_path/Frameworks";
				PRODUCT_BUNDLE_IDENTIFIER = com.wing.GitTestProjectTests;
				PRODUCT_NAME = "$(TARGET_NAME)";
				SWIFT_VERSION = 4.0;
				TARGETED_DEVICE_FAMILY = "1,2";
				TEST_HOST = "$(BUILT_PRODUCTS_DIR)/GitTestProject.app/GitTestProject";
			};
			name = Release;
		};
		EDB655C61FC65EA600E59D82 /* Debug */ = {
			isa = XCBuildConfiguration;
			buildSettings = {
				ALWAYS_EMBED_SWIFT_STANDARD_LIBRARIES = YES;
				CODE_SIGN_STYLE = Automatic;
				INFOPLIST_FILE = GitTestProjectUITests/Info.plist;
				LD_RUNPATH_SEARCH_PATHS = "$(inherited) @executable_path/Frameworks @loader_path/Frameworks";
				PRODUCT_BUNDLE_IDENTIFIER = com.wing.GitTestProjectUITests;
				PRODUCT_NAME = "$(TARGET_NAME)";
				SWIFT_VERSION = 4.0;
				TARGETED_DEVICE_FAMILY = "1,2";
				TEST_TARGET_NAME = GitTestProject;
			};
			name = Debug;
		};
		EDB655C71FC65EA600E59D82 /* Release */ = {
			isa = XCBuildConfiguration;
			buildSettings = {
				ALWAYS_EMBED_SWIFT_STANDARD_LIBRARIES = YES;
				CODE_SIGN_STYLE = Automatic;
				INFOPLIST_FILE = GitTestProjectUITests/Info.plist;
				LD_RUNPATH_SEARCH_PATHS = "$(inherited) @executable_path/Frameworks @loader_path/Frameworks";
				PRODUCT_BUNDLE_IDENTIFIER = com.wing.GitTestProjectUITests;
				PRODUCT_NAME = "$(TARGET_NAME)";
				SWIFT_VERSION = 4.0;
				TARGETED_DEVICE_FAMILY = "1,2";
				TEST_TARGET_NAME = GitTestProject;
			};
			name = Release;
		};
/* End XCBuildConfiguration section */

/* Begin XCConfigurationList section */
		EDB655921FC65EA600E59D82 /* Build configuration list for PBXProject "GitTestProject" */ = {
			isa = XCConfigurationList;
			buildConfigurations = (
				EDB655BD1FC65EA600E59D82 /* Debug */,
				EDB655BE1FC65EA600E59D82 /* Release */,
			);
			defaultConfigurationIsVisible = 0;
			defaultConfigurationName = Release;
		};
		EDB655BF1FC65EA600E59D82 /* Build configuration list for PBXNativeTarget "GitTestProject" */ = {
			isa = XCConfigurationList;
			buildConfigurations = (
				EDB655C01FC65EA600E59D82 /* Debug */,
				EDB655C11FC65EA600E59D82 /* Release */,
			);
			defaultConfigurationIsVisible = 0;
			defaultConfigurationName = Release;
		};
		EDB655C21FC65EA600E59D82 /* Build configuration list for PBXNativeTarget "GitTestProjectTests" */ = {
			isa = XCConfigurationList;
			buildConfigurations = (
				EDB655C31FC65EA600E59D82 /* Debug */,
				EDB655C41FC65EA600E59D82 /* Release */,
			);
			defaultConfigurationIsVisible = 0;
			defaultConfigurationName = Release;
		};
		EDB655C51FC65EA600E59D82 /* Build configuration list for PBXNativeTarget "GitTestProjectUITests" */ = {
			isa = XCConfigurationList;
			buildConfigurations = (
				EDB655C61FC65EA600E59D82 /* Debug */,
				EDB655C71FC65EA600E59D82 /* Release */,
			);
			defaultConfigurationIsVisible = 0;
			defaultConfigurationName = Release;
		};
/* End XCConfigurationList section */
	};
	rootObject = EDB6558F1FC65EA600E59D82 /* Project object */;
}
